
Microsoft Visual Studio Solution File, Format Version 12.00
# Visual Studio 15
VisualStudioVersion = 15.0.27703.2000
MinimumVisualStudioVersion = 10.0.40219.1
Project("{FAE04EC0-301F-11D3-BF4B-00C04F79EFBC}") = "OopPractice", "OopPractice\OopPractice.csproj", "{5F2DC0DA-31D0-4373-B3E0-D11D19B16901}"
EndProject
Global
	GlobalSection(SolutionConfigurationPlatforms) = preSolution
		Debug|Any CPU = Debug|Any CPU
		Release|Any CPU = Release|Any CPU
	EndGlobalSection
	GlobalSection(ProjectConfigurationPlatforms) = postSolution
		{5F2DC0DA-31D0-4373-B3E0-D11D19B16901}.Debug|Any CPU.ActiveCfg = Debug|Any CPU
		{5F2DC0DA-31D0-4373-B3E0-D11D19B16901}.Debug|Any CPU.Build.0 = Debug|Any CPU
		{5F2DC0DA-31D0-4373-B3E0-D11D19B16901}.Release|Any CPU.ActiveCfg = Release|Any CPU
		{5F2DC0DA-31D0-4373-B3E0-D11D19B16901}.Release|Any CPU.Build.0 = Release|Any CPU
	EndGlobalSection
	GlobalSection(SolutionProperties) = preSolution
		HideSolutionNode = FALSE
	EndGlobalSection
	GlobalSection(ExtensibilityGlobals) = postSolution
		SolutionGuid = {A0EBC93D-F9A6-404E-A834-3DF563FCA3F5}
	EndGlobalSection
EndGlobal
